
Microsoft Visual Studio Solution File, Format Version 12.00
# Visual Studio 15
VisualStudioVersion = 15.0.27130.2020
MinimumVisualStudioVersion = 10.0.40219.1
Project("{FAE04EC0-301F-11D3-BF4B-00C04F79EFBC}") = "TransientError", "TransientError\TransientError.csproj", "{E397C209-6EC6-4941-9C9D-24AE106E70E1}"
EndProject
Project("{FAE04EC0-301F-11D3-BF4B-00C04F79EFBC}") = "Signature", "Signature\Signature.csproj", "{826A1B87-F630-4EE8-9C86-8BCF0D8D5A14}"
EndProject
Project("{FAE04EC0-301F-11D3-BF4B-00C04F79EFBC}") = "CacheAssign", "CacheAssign\CacheAssign.csproj", "{131D22A4-BB64-471B-BAC8-560AD9F29491}"
EndProject
Project("{FAE04EC0-301F-11D3-BF4B-00C04F79EFBC}") = "TableStorage", "TableStorage\TableStorage.csproj", "{4D30FFCF-EC4B-46E2-8639-5CFB1ED2B87F}"
EndProject
Global
	GlobalSection(SolutionConfigurationPlatforms) = preSolution
		Debug|Any CPU = Debug|Any CPU
		Release|Any CPU = Release|Any CPU
	EndGlobalSection
	GlobalSection(ProjectConfigurationPlatforms) = postSolution
		{E397C209-6EC6-4941-9C9D-24AE106E70E1}.Debug|Any CPU.ActiveCfg = Debug|Any CPU
		{E397C209-6EC6-4941-9C9D-24AE106E70E1}.Debug|Any CPU.Build.0 = Debug|Any CPU
		{E397C209-6EC6-4941-9C9D-24AE106E70E1}.Release|Any CPU.ActiveCfg = Release|Any CPU
		{E397C209-6EC6-4941-9C9D-24AE106E70E1}.Release|Any CPU.Build.0 = Release|Any CPU
		{826A1B87-F630-4EE8-9C86-8BCF0D8D5A14}.Debug|Any CPU.ActiveCfg = Debug|Any CPU
		{826A1B87-F630-4EE8-9C86-8BCF0D8D5A14}.Debug|Any CPU.Build.0 = Debug|Any CPU
		{826A1B87-F630-4EE8-9C86-8BCF0D8D5A14}.Release|Any CPU.ActiveCfg = Release|Any CPU
		{826A1B87-F630-4EE8-9C86-8BCF0D8D5A14}.Release|Any CPU.Build.0 = Release|Any CPU
		{131D22A4-BB64-471B-BAC8-560AD9F29491}.Debug|Any CPU.ActiveCfg = Debug|Any CPU
		{131D22A4-BB64-471B-BAC8-560AD9F29491}.Debug|Any CPU.Build.0 = Debug|Any CPU
		{131D22A4-BB64-471B-BAC8-560AD9F29491}.Release|Any CPU.ActiveCfg = Release|Any CPU
		{131D22A4-BB64-471B-BAC8-560AD9F29491}.Release|Any CPU.Build.0 = Release|Any CPU
		{4D30FFCF-EC4B-46E2-8639-5CFB1ED2B87F}.Debug|Any CPU.ActiveCfg = Debug|Any CPU
		{4D30FFCF-EC4B-46E2-8639-5CFB1ED2B87F}.Debug|Any CPU.Build.0 = Debug|Any CPU
		{4D30FFCF-EC4B-46E2-8639-5CFB1ED2B87F}.Release|Any CPU.ActiveCfg = Release|Any CPU
		{4D30FFCF-EC4B-46E2-8639-5CFB1ED2B87F}.Release|Any CPU.Build.0 = Release|Any CPU
	EndGlobalSection
	GlobalSection(SolutionProperties) = preSolution
		HideSolutionNode = FALSE
	EndGlobalSection
	GlobalSection(ExtensibilityGlobals) = postSolution
		SolutionGuid = {BD3B9732-41ED-407F-86F4-A91F9261474A}
	EndGlobalSection
EndGlobal
